
Microsoft Visual Studio Solution File, Format Version 12.00
# Visual Studio Version 17
VisualStudioVersion = 17.2.32630.192
MinimumVisualStudioVersion = 10.0.40219.1
Project("{9A19103F-16F7-4668-BE54-9A1E7A4F7556}") = "TopDataCreator", "TopDataCreator\TopDataCreator.csproj", "{AD42B72C-450E-4B4C-BF5F-69F903B30C85}"
EndProject
Global
	GlobalSection(SolutionConfigurationPlatforms) = preSolution
		Debug|Any CPU = Debug|Any CPU
		Release|Any CPU = Release|Any CPU
	EndGlobalSection
	GlobalSection(ProjectConfigurationPlatforms) = postSolution
		{AD42B72C-450E-4B4C-BF5F-69F903B30C85}.Debug|Any CPU.ActiveCfg = Debug|Any CPU
		{AD42B72C-450E-4B4C-BF5F-69F903B30C85}.Debug|Any CPU.Build.0 = Debug|Any CPU
		{AD42B72C-450E-4B4C-BF5F-69F903B30C85}.Release|Any CPU.ActiveCfg = Release|Any CPU
		{AD42B72C-450E-4B4C-BF5F-69F903B30C85}.Release|Any CPU.Build.0 = Release|Any CPU
	EndGlobalSection
	GlobalSection(SolutionProperties) = preSolution
		HideSolutionNode = FALSE
	EndGlobalSection
	GlobalSection(ExtensibilityGlobals) = postSolution
		SolutionGuid = {6497FA08-2FE5-4E0D-BA01-C37F2019304E}
	EndGlobalSection
EndGlobal
